
Microsoft Visual Studio Solution File, Format Version 12.00
# Visual Studio Version 17
VisualStudioVersion = 17.0.31903.59
MinimumVisualStudioVersion = 10.0.40219.1
Project("{2150E333-8FDC-42A3-9474-1A3956D46DE8}") = "src", "src", "{827E0CD3-B72D-47B6-A68D-7590B98EB39B}"
EndProject
Project("{FAE04EC0-301F-11D3-BF4B-00C04F79EFBC}") = "SmartEvent.Dominio", "src\SmartEvent.Dominio\SmartEvent.Dominio.csproj", "{BE1D2B1E-7088-4CF4-888C-247818D706F7}"
EndProject
Project("{FAE04EC0-301F-11D3-BF4B-00C04F79EFBC}") = "SmartEvent.Aplicacion", "src\SmartEvent.Aplicacion\SmartEvent.Aplicacion.csproj", "{1BF081DF-7E6C-4823-B997-891987F24595}"
EndProject
Project("{FAE04EC0-301F-11D3-BF4B-00C04F79EFBC}") = "SmartEvent.Infraestructura", "src\SmartEvent.Infraestructura\SmartEvent.Infraestructura.csproj", "{C2266ACA-2046-4882-A2B7-AF31D16A8397}"
EndProject
Project("{FAE04EC0-301F-11D3-BF4B-00C04F79EFBC}") = "SmartEvent.Integraciones", "src\SmartEvent.Integraciones\SmartEvent.Integraciones.csproj", "{403AB88A-0D47-45AC-BE93-3998520DDE8E}"
EndProject
Project("{FAE04EC0-301F-11D3-BF4B-00C04F79EFBC}") = "SmartEvent.WinForms", "src\SmartEvent.WinForms\SmartEvent.WinForms.csproj", "{CECE58EA-914E-4F36-BA04-4F4B3A65B9EB}"
EndProject
Project("{2150E333-8FDC-42A3-9474-1A3956D46DE8}") = "tests", "tests", "{0AB3BF05-4346-4AA6-1389-037BE0695223}"
EndProject
Project("{FAE04EC0-301F-11D3-BF4B-00C04F79EFBC}") = "SmartEvent.Pruebas", "tests\SmartEvent.Pruebas\SmartEvent.Pruebas.csproj", "{9F9CB189-D7AD-46E6-8616-E32294868133}"
EndProject
Global
	GlobalSection(SolutionConfigurationPlatforms) = preSolution
		Debug|Any CPU = Debug|Any CPU
		Debug|x64 = Debug|x64
		Debug|x86 = Debug|x86
		Release|Any CPU = Release|Any CPU
		Release|x64 = Release|x64
		Release|x86 = Release|x86
	EndGlobalSection
	GlobalSection(ProjectConfigurationPlatforms) = postSolution
		{BE1D2B1E-7088-4CF4-888C-247818D706F7}.Debug|Any CPU.ActiveCfg = Debug|Any CPU
		{BE1D2B1E-7088-4CF4-888C-247818D706F7}.Debug|Any CPU.Build.0 = Debug|Any CPU
		{BE1D2B1E-7088-4CF4-888C-247818D706F7}.Debug|x64.ActiveCfg = Debug|Any CPU
		{BE1D2B1E-7088-4CF4-888C-247818D706F7}.Debug|x64.Build.0 = Debug|Any CPU
		{BE1D2B1E-7088-4CF4-888C-247818D706F7}.Debug|x86.ActiveCfg = Debug|Any CPU
		{BE1D2B1E-7088-4CF4-888C-247818D706F7}.Debug|x86.Build.0 = Debug|Any CPU
		{BE1D2B1E-7088-4CF4-888C-247818D706F7}.Release|Any CPU.ActiveCfg = Release|Any CPU
		{BE1D2B1E-7088-4CF4-888C-247818D706F7}.Release|Any CPU.Build.0 = Release|Any CPU
		{BE1D2B1E-7088-4CF4-888C-247818D706F7}.Release|x64.ActiveCfg = Release|Any CPU
		{BE1D2B1E-7088-4CF4-888C-247818D706F7}.Release|x64.Build.0 = Release|Any CPU
		{BE1D2B1E-7088-4CF4-888C-247818D706F7}.Release|x86.ActiveCfg = Release|Any CPU
		{BE1D2B1E-7088-4CF4-888C-247818D706F7}.Release|x86.Build.0 = Release|Any CPU
		{1BF081DF-7E6C-4823-B997-891987F24595}.Debug|Any CPU.ActiveCfg = Debug|Any CPU
		{1BF081DF-7E6C-4823-B997-891987F24595}.Debug|Any CPU.Build.0 = Debug|Any CPU
		{1BF081DF-7E6C-4823-B997-891987F24595}.Debug|x64.ActiveCfg = Debug|Any CPU
		{1BF081DF-7E6C-4823-B997-891987F24595}.Debug|x64.Build.0 = Debug|Any CPU
		{1BF081DF-7E6C-4823-B997-891987F24595}.Debug|x86.ActiveCfg = Debug|Any CPU
		{1BF081DF-7E6C-4823-B997-891987F24595}.Debug|x86.Build.0 = Debug|Any CPU
		{1BF081DF-7E6C-4823-B997-891987F24595}.Release|Any CPU.ActiveCfg = Release|Any CPU
		{1BF081DF-7E6C-4823-B997-891987F24595}.Release|Any CPU.Build.0 = Release|Any CPU
		{1BF081DF-7E6C-4823-B997-891987F24595}.Release|x64.ActiveCfg = Release|Any CPU
		{1BF081DF-7E6C-4823-B997-891987F24595}.Release|x64.Build.0 = Release|Any CPU
		{1BF081DF-7E6C-4823-B997-891987F24595}.Release|x86.ActiveCfg = Release|Any CPU
		{1BF081DF-7E6C-4823-B997-891987F24595}.Release|x86.Build.0 = Release|Any CPU
		{C2266ACA-2046-4882-A2B7-AF31D16A8397}.Debug|Any CPU.ActiveCfg = Debug|Any CPU
		{C2266ACA-2046-4882-A2B7-AF31D16A8397}.Debug|Any CPU.Build.0 = Debug|Any CPU
		{C2266ACA-2046-4882-A2B7-AF31D16A8397}.Debug|x64.ActiveCfg = Debug|Any CPU
		{C2266ACA-2046-4882-A2B7-AF31D16A8397}.Debug|x64.Build.0 = Debug|Any CPU
		{C2266ACA-2046-4882-A2B7-AF31D16A8397}.Debug|x86.ActiveCfg = Debug|Any CPU
		{C2266ACA-2046-4882-A2B7-AF31D16A8397}.Debug|x86.Build.0 = Debug|Any CPU
		{C2266ACA-2046-4882-A2B7-AF31D16A8397}.Release|Any CPU.ActiveCfg = Release|Any CPU
		{C2266ACA-2046-4882-A2B7-AF31D16A8397}.Release|Any CPU.Build.0 = Release|Any CPU
		{C2266ACA-2046-4882-A2B7-AF31D16A8397}.Release|x64.ActiveCfg = Release|Any CPU
		{C2266ACA-2046-4882-A2B7-AF31D16A8397}.Release|x64.Build.0 = Release|Any CPU
		{C2266ACA-2046-4882-A2B7-AF31D16A8397}.Release|x86.ActiveCfg = Release|Any CPU
		{C2266ACA-2046-4882-A2B7-AF31D16A8397}.Release|x86.Build.0 = Release|Any CPU
		{403AB88A-0D47-45AC-BE93-3998520DDE8E}.Debug|Any CPU.ActiveCfg = Debug|Any CPU
		{403AB88A-0D47-45AC-BE93-3998520DDE8E}.Debug|Any CPU.Build.0 = Debug|Any CPU
		{403AB88A-0D47-45AC-BE93-3998520DDE8E}.Debug|x64.ActiveCfg = Debug|Any CPU
		{403AB88A-0D47-45AC-BE93-3998520DDE8E}.Debug|x64.Build.0 = Debug|Any CPU
		{403AB88A-0D47-45AC-BE93-3998520DDE8E}.Debug|x86.ActiveCfg = Debug|Any CPU
		{403AB88A-0D47-45AC-BE93-3998520DDE8E}.Debug|x86.Build.0 = Debug|Any CPU
		{403AB88A-0D47-45AC-BE93-3998520DDE8E}.Release|Any CPU.ActiveCfg = Release|Any CPU
		{403AB88A-0D47-45AC-BE93-3998520DDE8E}.Release|Any CPU.Build.0 = Release|Any CPU
		{403AB88A-0D47-45AC-BE93-3998520DDE8E}.Release|x64.ActiveCfg = Release|Any CPU
		{403AB88A-0D47-45AC-BE93-3998520DDE8E}.Release|x64.Build.0 = Release|Any CPU
		{403AB88A-0D47-45AC-BE93-3998520DDE8E}.Release|x86.ActiveCfg = Release|Any CPU
		{403AB88A-0D47-45AC-BE93-3998520DDE8E}.Release|x86.Build.0 = Release|Any CPU
		{CECE58EA-914E-4F36-BA04-4F4B3A65B9EB}.Debug|Any CPU.ActiveCfg = Debug|Any CPU
		{CECE58EA-914E-4F36-BA04-4F4B3A65B9EB}.Debug|Any CPU.Build.0 = Debug|Any CPU
		{CECE58EA-914E-4F36-BA04-4F4B3A65B9EB}.Debug|x64.ActiveCfg = Debug|Any CPU
		{CECE58EA-914E-4F36-BA04-4F4B3A65B9EB}.Debug|x64.Build.0 = Debug|Any CPU
		{CECE58EA-914E-4F36-BA04-4F4B3A65B9EB}.Debug|x86.ActiveCfg = Debug|Any CPU
		{CECE58EA-914E-4F36-BA04-4F4B3A65B9EB}.Debug|x86.Build.0 = Debug|Any CPU
		{CECE58EA-914E-4F36-BA04-4F4B3A65B9EB}.Release|Any CPU.ActiveCfg = Release|Any CPU
		{CECE58EA-914E-4F36-BA04-4F4B3A65B9EB}.Release|Any CPU.Build.0 = Release|Any CPU
		{CECE58EA-914E-4F36-BA04-4F4B3A65B9EB}.Release|x64.ActiveCfg = Release|Any CPU
		{CECE58EA-914E-4F36-BA04-4F4B3A65B9EB}.Release|x64.Build.0 = Release|Any CPU
		{CECE58EA-914E-4F36-BA04-4F4B3A65B9EB}.Release|x86.ActiveCfg = Release|Any CPU
		{CECE58EA-914E-4F36-BA04-4F4B3A65B9EB}.Release|x86.Build.0 = Release|Any CPU
		{9F9CB189-D7AD-46E6-8616-E32294868133}.Debug|Any CPU.ActiveCfg = Debug|Any CPU
		{9F9CB189-D7AD-46E6-8616-E32294868133}.Debug|Any CPU.Build.0 = Debug|Any CPU
		{9F9CB189-D7AD-46E6-8616-E32294868133}.Debug|x64.ActiveCfg = Debug|Any CPU
		{9F9CB189-D7AD-46E6-8616-E32294868133}.Debug|x64.Build.0 = Debug|Any CPU
		{9F9CB189-D7AD-46E6-8616-E32294868133}.Debug|x86.ActiveCfg = Debug|Any CPU
		{9F9CB189-D7AD-46E6-8616-E32294868133}.Debug|x86.Build.0 = Debug|Any CPU
		{9F9CB189-D7AD-46E6-8616-E32294868133}.Release|Any CPU.ActiveCfg = Release|Any CPU
		{9F9CB189-D7AD-46E6-8616-E32294868133}.Release|Any CPU.Build.0 = Release|Any CPU
		{9F9CB189-D7AD-46E6-8616-E32294868133}.Release|x64.ActiveCfg = Release|Any CPU
		{9F9CB189-D7AD-46E6-8616-E32294868133}.Release|x64.Build.0 = Release|Any CPU
		{9F9CB189-D7AD-46E6-8616-E32294868133}.Release|x86.ActiveCfg = Release|Any CPU
		{9F9CB189-D7AD-46E6-8616-E32294868133}.Release|x86.Build.0 = Release|Any CPU
	EndGlobalSection
	GlobalSection(SolutionProperties) = preSolution
		HideSolutionNode = FALSE
	EndGlobalSection
	GlobalSection(NestedProjects) = preSolution
		{BE1D2B1E-7088-4CF4-888C-247818D706F7} = {827E0CD3-B72D-47B6-A68D-7590B98EB39B}
		{1BF081DF-7E6C-4823-B997-891987F24595} = {827E0CD3-B72D-47B6-A68D-7590B98EB39B}
		{C2266ACA-2046-4882-A2B7-AF31D16A8397} = {827E0CD3-B72D-47B6-A68D-7590B98EB39B}
		{403AB88A-0D47-45AC-BE93-3998520DDE8E} = {827E0CD3-B72D-47B6-A68D-7590B98EB39B}
		{CECE58EA-914E-4F36-BA04-4F4B3A65B9EB} = {827E0CD3-B72D-47B6-A68D-7590B98EB39B}
		{9F9CB189-D7AD-46E6-8616-E32294868133} = {0AB3BF05-4346-4AA6-1389-037BE0695223}
	EndGlobalSection
EndGlobal
